
Microsoft Visual Studio Solution File, Format Version 12.00
# Visual Studio Version 17
VisualStudioVersion = 17.2.32630.192
MinimumVisualStudioVersion = 10.0.40219.1
Project("{FAE04EC0-301F-11D3-BF4B-00C04F79EFBC}") = "LiskovSubstitutionPrinciple", "LiskovSubstitutionPrinciple\LiskovSubstitutionPrinciple.csproj", "{3AE4188C-A0AD-42D9-8C44-37038F11F8A4}"
EndProject
Project("{FAE04EC0-301F-11D3-BF4B-00C04F79EFBC}") = "LSPLibrary", "LSPLibrary\LSPLibrary.csproj", "{B06FD20F-E8CB-4398-9D8B-15B4E21336B6}"
EndProject
Global
	GlobalSection(SolutionConfigurationPlatforms) = preSolution
		Debug|Any CPU = Debug|Any CPU
		Release|Any CPU = Release|Any CPU
	EndGlobalSection
	GlobalSection(ProjectConfigurationPlatforms) = postSolution
		{3AE4188C-A0AD-42D9-8C44-37038F11F8A4}.Debug|Any CPU.ActiveCfg = Debug|Any CPU
		{3AE4188C-A0AD-42D9-8C44-37038F11F8A4}.Debug|Any CPU.Build.0 = Debug|Any CPU
		{3AE4188C-A0AD-42D9-8C44-37038F11F8A4}.Release|Any CPU.ActiveCfg = Release|Any CPU
		{3AE4188C-A0AD-42D9-8C44-37038F11F8A4}.Release|Any CPU.Build.0 = Release|Any CPU
		{B06FD20F-E8CB-4398-9D8B-15B4E21336B6}.Debug|Any CPU.ActiveCfg = Debug|Any CPU
		{B06FD20F-E8CB-4398-9D8B-15B4E21336B6}.Debug|Any CPU.Build.0 = Debug|Any CPU
		{B06FD20F-E8CB-4398-9D8B-15B4E21336B6}.Release|Any CPU.ActiveCfg = Release|Any CPU
		{B06FD20F-E8CB-4398-9D8B-15B4E21336B6}.Release|Any CPU.Build.0 = Release|Any CPU
	EndGlobalSection
	GlobalSection(SolutionProperties) = preSolution
		HideSolutionNode = FALSE
	EndGlobalSection
	GlobalSection(ExtensibilityGlobals) = postSolution
		SolutionGuid = {19AFB12D-5F60-4FC0-8DC1-329D794F1D72}
	EndGlobalSection
EndGlobal
